
Microsoft Visual Studio Solution File, Format Version 12.00
# Visual Studio Version 16
VisualStudioVersion = 16.0.29209.62
MinimumVisualStudioVersion = 10.0.40219.1
Project("{FAE04EC0-301F-11D3-BF4B-00C04F79EFBC}") = "Assignment1.UWP", "Assignment1.UWP\Assignment1.UWP.csproj", "{DF591C5F-953A-49C0-AFA0-75DF71E30380}"
EndProject
Project("{FAE04EC0-301F-11D3-BF4B-00C04F79EFBC}") = "Assignment1.Android", "Assignment1.Android\Assignment1.Android.csproj", "{9D1BBA68-E29A-4DE5-95BC-8316E23C2D38}"
EndProject
Project("{FAE04EC0-301F-11D3-BF4B-00C04F79EFBC}") = "Assignment1.iOS", "Assignment1.iOS\Assignment1.iOS.csproj", "{E1EDA263-8B8E-48D6-B356-24FC5EC736AD}"
EndProject
Project("{9A19103F-16F7-4668-BE54-9A1E7A4F7556}") = "Assignment1", "Assignment1\Assignment1.csproj", "{2131B4B0-1DEA-4755-BB64-6DA04C2B403A}"
EndProject
Global
	GlobalSection(SolutionConfigurationPlatforms) = preSolution
		Debug|Any CPU = Debug|Any CPU
		Debug|ARM = Debug|ARM
		Debug|iPhone = Debug|iPhone
		Debug|iPhoneSimulator = Debug|iPhoneSimulator
		Debug|x64 = Debug|x64
		Debug|x86 = Debug|x86
		Release|Any CPU = Release|Any CPU
		Release|ARM = Release|ARM
		Release|iPhone = Release|iPhone
		Release|iPhoneSimulator = Release|iPhoneSimulator
		Release|x64 = Release|x64
		Release|x86 = Release|x86
	EndGlobalSection
	GlobalSection(ProjectConfigurationPlatforms) = postSolution
		{DF591C5F-953A-49C0-AFA0-75DF71E30380}.Debug|Any CPU.ActiveCfg = Debug|x86
		{DF591C5F-953A-49C0-AFA0-75DF71E30380}.Debug|Any CPU.Build.0 = Debug|x86
		{DF591C5F-953A-49C0-AFA0-75DF71E30380}.Debug|Any CPU.Deploy.0 = Debug|x86
		{DF591C5F-953A-49C0-AFA0-75DF71E30380}.Debug|ARM.ActiveCfg = Debug|ARM
		{DF591C5F-953A-49C0-AFA0-75DF71E30380}.Debug|ARM.Build.0 = Debug|ARM
		{DF591C5F-953A-49C0-AFA0-75DF71E30380}.Debug|ARM.Deploy.0 = Debug|ARM
		{DF591C5F-953A-49C0-AFA0-75DF71E30380}.Debug|iPhone.ActiveCfg = Debug|x86
		{DF591C5F-953A-49C0-AFA0-75DF71E30380}.Debug|iPhone.Build.0 = Debug|x86
		{DF591C5F-953A-49C0-AFA0-75DF71E30380}.Debug|iPhone.Deploy.0 = Debug|x86
		{DF591C5F-953A-49C0-AFA0-75DF71E30380}.Debug|iPhoneSimulator.ActiveCfg = Debug|x86
		{DF591C5F-953A-49C0-AFA0-75DF71E30380}.Debug|iPhoneSimulator.Build.0 = Debug|x86
		{DF591C5F-953A-49C0-AFA0-75DF71E30380}.Debug|iPhoneSimulator.Deploy.0 = Debug|x86
		{DF591C5F-953A-49C0-AFA0-75DF71E30380}.Debug|x64.ActiveCfg = Debug|x64
		{DF591C5F-953A-49C0-AFA0-75DF71E30380}.Debug|x64.Build.0 = Debug|x64
		{DF591C5F-953A-49C0-AFA0-75DF71E30380}.Debug|x64.Deploy.0 = Debug|x64
		{DF591C5F-953A-49C0-AFA0-75DF71E30380}.Debug|x86.ActiveCfg = Debug|x86
		{DF591C5F-953A-49C0-AFA0-75DF71E30380}.Debug|x86.Build.0 = Debug|x86
		{DF591C5F-953A-49C0-AFA0-75DF71E30380}.Debug|x86.Deploy.0 = Debug|x86
		{DF591C5F-953A-49C0-AFA0-75DF71E30380}.Release|Any CPU.ActiveCfg = Release|x86
		{DF591C5F-953A-49C0-AFA0-75DF71E30380}.Release|Any CPU.Build.0 = Release|x86
		{DF591C5F-953A-49C0-AFA0-75DF71E30380}.Release|Any CPU.Deploy.0 = Release|x86
		{DF591C5F-953A-49C0-AFA0-75DF71E30380}.Release|ARM.ActiveCfg = Release|ARM
		{DF591C5F-953A-49C0-AFA0-75DF71E30380}.Release|ARM.Build.0 = Release|ARM
		{DF591C5F-953A-49C0-AFA0-75DF71E30380}.Release|ARM.Deploy.0 = Release|ARM
		{DF591C5F-953A-49C0-AFA0-75DF71E30380}.Release|iPhone.ActiveCfg = Release|x86
		{DF591C5F-953A-49C0-AFA0-75DF71E30380}.Release|iPhone.Build.0 = Release|x86
		{DF591C5F-953A-49C0-AFA0-75DF71E30380}.Release|iPhone.Deploy.0 = Release|x86
		{DF591C5F-953A-49C0-AFA0-75DF71E30380}.Release|iPhoneSimulator.ActiveCfg = Release|x86
		{DF591C5F-953A-49C0-AFA0-75DF71E30380}.Release|iPhoneSimulator.Build.0 = Release|x86
		{DF591C5F-953A-49C0-AFA0-75DF71E30380}.Release|iPhoneSimulator.Deploy.0 = Release|x86
		{DF591C5F-953A-49C0-AFA0-75DF71E30380}.Release|x64.ActiveCfg = Release|x64
		{DF591C5F-953A-49C0-AFA0-75DF71E30380}.Release|x64.Build.0 = Release|x64
		{DF591C5F-953A-49C0-AFA0-75DF71E30380}.Release|x64.Deploy.0 = Release|x64
		{DF591C5F-953A-49C0-AFA0-75DF71E30380}.Release|x86.ActiveCfg = Release|x86
		{DF591C5F-953A-49C0-AFA0-75DF71E30380}.Release|x86.Build.0 = Release|x86
		{DF591C5F-953A-49C0-AFA0-75DF71E30380}.Release|x86.Deploy.0 = Release|x86
		{9D1BBA68-E29A-4DE5-95BC-8316E23C2D38}.Debug|Any CPU.ActiveCfg = Debug|Any CPU
		{9D1BBA68-E29A-4DE5-95BC-8316E23C2D38}.Debug|Any CPU.Build.0 = Debug|Any CPU
		{9D1BBA68-E29A-4DE5-95BC-8316E23C2D38}.Debug|Any CPU.Deploy.0 = Debug|Any CPU
		{9D1BBA68-E29A-4DE5-95BC-8316E23C2D38}.Debug|ARM.ActiveCfg = Debug|Any CPU
		{9D1BBA68-E29A-4DE5-95BC-8316E23C2D38}.Debug|ARM.Build.0 = Debug|Any CPU
		{9D1BBA68-E29A-4DE5-95BC-8316E23C2D38}.Debug|ARM.Deploy.0 = Debug|Any CPU
		{9D1BBA68-E29A-4DE5-95BC-8316E23C2D38}.Debug|iPhone.ActiveCfg = Debug|Any CPU
		{9D1BBA68-E29A-4DE5-95BC-8316E23C2D38}.Debug|iPhone.Build.0 = Debug|Any CPU
		{9D1BBA68-E29A-4DE5-95BC-8316E23C2D38}.Debug|iPhone.Deploy.0 = Debug|Any CPU
		{9D1BBA68-E29A-4DE5-95BC-8316E23C2D38}.Debug|iPhoneSimulator.ActiveCfg = Debug|Any CPU
		{9D1BBA68-E29A-4DE5-95BC-8316E23C2D38}.Debug|iPhoneSimulator.Build.0 = Debug|Any CPU
		{9D1BBA68-E29A-4DE5-95BC-8316E23C2D38}.Debug|iPhoneSimulator.Deploy.0 = Debug|Any CPU
		{9D1BBA68-E29A-4DE5-95BC-8316E23C2D38}.Debug|x64.ActiveCfg = Debug|Any CPU
		{9D1BBA68-E29A-4DE5-95BC-8316E23C2D38}.Debug|x64.Build.0 = Debug|Any CPU
		{9D1BBA68-E29A-4DE5-95BC-8316E23C2D38}.Debug|x64.Deploy.0 = Debug|Any CPU
		{9D1BBA68-E29A-4DE5-95BC-8316E23C2D38}.Debug|x86.ActiveCfg = Debug|Any CPU
		{9D1BBA68-E29A-4DE5-95BC-8316E23C2D38}.Debug|x86.Build.0 = Debug|Any CPU
		{9D1BBA68-E29A-4DE5-95BC-8316E23C2D38}.Debug|x86.Deploy.0 = Debug|Any CPU
		{9D1BBA68-E29A-4DE5-95BC-8316E23C2D38}.Release|Any CPU.ActiveCfg = Release|Any CPU
		{9D1BBA68-E29A-4DE5-95BC-8316E23C2D38}.Release|Any CPU.Build.0 = Release|Any CPU
		{9D1BBA68-E29A-4DE5-95BC-8316E23C2D38}.Release|Any CPU.Deploy.0 = Release|Any CPU
		{9D1BBA68-E29A-4DE5-95BC-8316E23C2D38}.Release|ARM.ActiveCfg = Release|Any CPU
		{9D1BBA68-E29A-4DE5-95BC-8316E23C2D38}.Release|ARM.Build.0 = Release|Any CPU
		{9D1BBA68-E29A-4DE5-95BC-8316E23C2D38}.Release|ARM.Deploy.0 = Release|Any CPU
		{9D1BBA68-E29A-4DE5-95BC-8316E23C2D38}.Release|iPhone.ActiveCfg = Release|Any CPU
		{9D1BBA68-E29A-4DE5-95BC-8316E23C2D38}.Release|iPhone.Build.0 = Release|Any CPU
		{9D1BBA68-E29A-4DE5-95BC-8316E23C2D38}.Release|iPhone.Deploy.0 = Release|Any CPU
		{9D1BBA68-E29A-4DE5-95BC-8316E23C2D38}.Release|iPhoneSimulator.ActiveCfg = Release|Any CPU
		{9D1BBA68-E29A-4DE5-95BC-8316E23C2D38}.Release|iPhoneSimulator.Build.0 = Release|Any CPU
		{9D1BBA68-E29A-4DE5-95BC-8316E23C2D38}.Release|iPhoneSimulator.Deploy.0 = Release|Any CPU
		{9D1BBA68-E29A-4DE5-95BC-8316E23C2D38}.Release|x64.ActiveCfg = Release|Any CPU
		{9D1BBA68-E29A-4DE5-95BC-8316E23C2D38}.Release|x64.Build.0 = Release|Any CPU
		{9D1BBA68-E29A-4DE5-95BC-8316E23C2D38}.Release|x64.Deploy.0 = Release|Any CPU
		{9D1BBA68-E29A-4DE5-95BC-8316E23C2D38}.Release|x86.ActiveCfg = Release|Any CPU
		{9D1BBA68-E29A-4DE5-95BC-8316E23C2D38}.Release|x86.Build.0 = Release|Any CPU
		{9D1BBA68-E29A-4DE5-95BC-8316E23C2D38}.Release|x86.Deploy.0 = Release|Any CPU
		{E1EDA263-8B8E-48D6-B356-24FC5EC736AD}.Debug|Any CPU.ActiveCfg = Debug|iPhone
		{E1EDA263-8B8E-48D6-B356-24FC5EC736AD}.Debug|Any CPU.Build.0 = Debug|iPhone
		{E1EDA263-8B8E-48D6-B356-24FC5EC736AD}.Debug|Any CPU.Deploy.0 = Debug|iPhone
		{E1EDA263-8B8E-48D6-B356-24FC5EC736AD}.Debug|ARM.ActiveCfg = Debug|iPhoneSimulator
		{E1EDA263-8B8E-48D6-B356-24FC5EC736AD}.Debug|ARM.Build.0 = Debug|iPhoneSimulator
		{E1EDA263-8B8E-48D6-B356-24FC5EC736AD}.Debug|ARM.Deploy.0 = Debug|iPhoneSimulator
		{E1EDA263-8B8E-48D6-B356-24FC5EC736AD}.Debug|iPhone.ActiveCfg = Debug|iPhone
		{E1EDA263-8B8E-48D6-B356-24FC5EC736AD}.Debug|iPhone.Build.0 = Debug|iPhone
		{E1EDA263-8B8E-48D6-B356-24FC5EC736AD}.Debug|iPhone.Deploy.0 = Debug|iPhone
		{E1EDA263-8B8E-48D6-B356-24FC5EC736AD}.Debug|iPhoneSimulator.ActiveCfg = Debug|iPhoneSimulator
		{E1EDA263-8B8E-48D6-B356-24FC5EC736AD}.Debug|iPhoneSimulator.Build.0 = Debug|iPhoneSimulator
		{E1EDA263-8B8E-48D6-B356-24FC5EC736AD}.Debug|iPhoneSimulator.Deploy.0 = Debug|iPhoneSimulator
		{E1EDA263-8B8E-48D6-B356-24FC5EC736AD}.Debug|x64.ActiveCfg = Debug|iPhone
		{E1EDA263-8B8E-48D6-B356-24FC5EC736AD}.Debug|x64.Build.0 = Debug|iPhone
		{E1EDA263-8B8E-48D6-B356-24FC5EC736AD}.Debug|x64.Deploy.0 = Debug|iPhone
		{E1EDA263-8B8E-48D6-B356-24FC5EC736AD}.Debug|x86.ActiveCfg = Debug|iPhone
		{E1EDA263-8B8E-48D6-B356-24FC5EC736AD}.Debug|x86.Build.0 = Debug|iPhone
		{E1EDA263-8B8E-48D6-B356-24FC5EC736AD}.Debug|x86.Deploy.0 = Debug|iPhone
		{E1EDA263-8B8E-48D6-B356-24FC5EC736AD}.Release|Any CPU.ActiveCfg = Release|iPhone
		{E1EDA263-8B8E-48D6-B356-24FC5EC736AD}.Release|Any CPU.Build.0 = Release|iPhone
		{E1EDA263-8B8E-48D6-B356-24FC5EC736AD}.Release|Any CPU.Deploy.0 = Release|iPhone
		{E1EDA263-8B8E-48D6-B356-24FC5EC736AD}.Release|ARM.ActiveCfg = Release|iPhone
		{E1EDA263-8B8E-48D6-B356-24FC5EC736AD}.Release|ARM.Build.0 = Release|iPhone
		{E1EDA263-8B8E-48D6-B356-24FC5EC736AD}.Release|ARM.Deploy.0 = Release|iPhone
		{E1EDA263-8B8E-48D6-B356-24FC5EC736AD}.Release|iPhone.ActiveCfg = Release|iPhone
		{E1EDA263-8B8E-48D6-B356-24FC5EC736AD}.Release|iPhone.Build.0 = Release|iPhone
		{E1EDA263-8B8E-48D6-B356-24FC5EC736AD}.Release|iPhone.Deploy.0 = Release|iPhone
		{E1EDA263-8B8E-48D6-B356-24FC5EC736AD}.Release|iPhoneSimulator.ActiveCfg = Release|iPhoneSimulator
		{E1EDA263-8B8E-48D6-B356-24FC5EC736AD}.Release|iPhoneSimulator.Build.0 = Release|iPhoneSimulator
		{E1EDA263-8B8E-48D6-B356-24FC5EC736AD}.Release|iPhoneSimulator.Deploy.0 = Release|iPhoneSimulator
		{E1EDA263-8B8E-48D6-B356-24FC5EC736AD}.Release|x64.ActiveCfg = Release|iPhone
		{E1EDA263-8B8E-48D6-B356-24FC5EC736AD}.Release|x64.Build.0 = Release|iPhone
		{E1EDA263-8B8E-48D6-B356-24FC5EC736AD}.Release|x64.Deploy.0 = Release|iPhone
		{E1EDA263-8B8E-48D6-B356-24FC5EC736AD}.Release|x86.ActiveCfg = Release|iPhone
		{E1EDA263-8B8E-48D6-B356-24FC5EC736AD}.Release|x86.Build.0 = Release|iPhone
		{E1EDA263-8B8E-48D6-B356-24FC5EC736AD}.Release|x86.Deploy.0 = Release|iPhone
		{2131B4B0-1DEA-4755-BB64-6DA04C2B403A}.Debug|Any CPU.ActiveCfg = Debug|Any CPU
		{2131B4B0-1DEA-4755-BB64-6DA04C2B403A}.Debug|Any CPU.Build.0 = Debug|Any CPU
		{2131B4B0-1DEA-4755-BB64-6DA04C2B403A}.Debug|Any CPU.Deploy.0 = Debug|Any CPU
		{2131B4B0-1DEA-4755-BB64-6DA04C2B403A}.Debug|ARM.ActiveCfg = Debug|Any CPU
		{2131B4B0-1DEA-4755-BB64-6DA04C2B403A}.Debug|ARM.Build.0 = Debug|Any CPU
		{2131B4B0-1DEA-4755-BB64-6DA04C2B403A}.Debug|ARM.Deploy.0 = Debug|Any CPU
		{2131B4B0-1DEA-4755-BB64-6DA04C2B403A}.Debug|iPhone.ActiveCfg = Debug|Any CPU
		{2131B4B0-1DEA-4755-BB64-6DA04C2B403A}.Debug|iPhone.Build.0 = Debug|Any CPU
		{2131B4B0-1DEA-4755-BB64-6DA04C2B403A}.Debug|iPhone.Deploy.0 = Debug|Any CPU
		{2131B4B0-1DEA-4755-BB64-6DA04C2B403A}.Debug|iPhoneSimulator.ActiveCfg = Debug|Any CPU
		{2131B4B0-1DEA-4755-BB64-6DA04C2B403A}.Debug|iPhoneSimulator.Build.0 = Debug|Any CPU
		{2131B4B0-1DEA-4755-BB64-6DA04C2B403A}.Debug|iPhoneSimulator.Deploy.0 = Debug|Any CPU
		{2131B4B0-1DEA-4755-BB64-6DA04C2B403A}.Debug|x64.ActiveCfg = Debug|Any CPU
		{2131B4B0-1DEA-4755-BB64-6DA04C2B403A}.Debug|x64.Build.0 = Debug|Any CPU
		{2131B4B0-1DEA-4755-BB64-6DA04C2B403A}.Debug|x64.Deploy.0 = Debug|Any CPU
		{2131B4B0-1DEA-4755-BB64-6DA04C2B403A}.Debug|x86.ActiveCfg = Debug|Any CPU
		{2131B4B0-1DEA-4755-BB64-6DA04C2B403A}.Debug|x86.Build.0 = Debug|Any CPU
		{2131B4B0-1DEA-4755-BB64-6DA04C2B403A}.Debug|x86.Deploy.0 = Debug|Any CPU
		{2131B4B0-1DEA-4755-BB64-6DA04C2B403A}.Release|Any CPU.ActiveCfg = Release|Any CPU
		{2131B4B0-1DEA-4755-BB64-6DA04C2B403A}.Release|Any CPU.Build.0 = Release|Any CPU
		{2131B4B0-1DEA-4755-BB64-6DA04C2B403A}.Release|Any CPU.Deploy.0 = Release|Any CPU
		{2131B4B0-1DEA-4755-BB64-6DA04C2B403A}.Release|ARM.ActiveCfg = Release|Any CPU
		{2131B4B0-1DEA-4755-BB64-6DA04C2B403A}.Release|ARM.Build.0 = Release|Any CPU
		{2131B4B0-1DEA-4755-BB64-6DA04C2B403A}.Release|ARM.Deploy.0 = Release|Any CPU
		{2131B4B0-1DEA-4755-BB64-6DA04C2B403A}.Release|iPhone.ActiveCfg = Release|Any CPU
		{2131B4B0-1DEA-4755-BB64-6DA04C2B403A}.Release|iPhone.Build.0 = Release|Any CPU
		{2131B4B0-1DEA-4755-BB64-6DA04C2B403A}.Release|iPhone.Deploy.0 = Release|Any CPU
		{2131B4B0-1DEA-4755-BB64-6DA04C2B403A}.Release|iPhoneSimulator.ActiveCfg = Release|Any CPU
		{2131B4B0-1DEA-4755-BB64-6DA04C2B403A}.Release|iPhoneSimulator.Build.0 = Release|Any CPU
		{2131B4B0-1DEA-4755-BB64-6DA04C2B403A}.Release|iPhoneSimulator.Deploy.0 = Release|Any CPU
		{2131B4B0-1DEA-4755-BB64-6DA04C2B403A}.Release|x64.ActiveCfg = Release|Any CPU
		{2131B4B0-1DEA-4755-BB64-6DA04C2B403A}.Release|x64.Build.0 = Release|Any CPU
		{2131B4B0-1DEA-4755-BB64-6DA04C2B403A}.Release|x64.Deploy.0 = Release|Any CPU
		{2131B4B0-1DEA-4755-BB64-6DA04C2B403A}.Release|x86.ActiveCfg = Release|Any CPU
		{2131B4B0-1DEA-4755-BB64-6DA04C2B403A}.Release|x86.Build.0 = Release|Any CPU
		{2131B4B0-1DEA-4755-BB64-6DA04C2B403A}.Release|x86.Deploy.0 = Release|Any CPU
	EndGlobalSection
	GlobalSection(SolutionProperties) = preSolution
		HideSolutionNode = FALSE
	EndGlobalSection
	GlobalSection(ExtensibilityGlobals) = postSolution
		SolutionGuid = {D38B3469-FEC1-4953-AE14-D6CBFFC3886E}
	EndGlobalSection
EndGlobal
